
Microsoft Visual Studio Solution File, Format Version 12.00
# Visual Studio 15
VisualStudioVersion = 15.0.27130.2027
MinimumVisualStudioVersion = 10.0.40219.1
Project("{FAE04EC0-301F-11D3-BF4B-00C04F79EFBC}") = "TestObjectRefChain", "TestObjectRefChain\TestObjectRefChain.csproj", "{A5703830-39C8-463A-8EAF-549D13AD735E}"
EndProject
Global
	GlobalSection(SolutionConfigurationPlatforms) = preSolution
		Debug|Any CPU = Debug|Any CPU
		Release|Any CPU = Release|Any CPU
	EndGlobalSection
	GlobalSection(ProjectConfigurationPlatforms) = postSolution
		{A5703830-39C8-463A-8EAF-549D13AD735E}.Debug|Any CPU.ActiveCfg = Debug|Any CPU
		{A5703830-39C8-463A-8EAF-549D13AD735E}.Debug|Any CPU.Build.0 = Debug|Any CPU
		{A5703830-39C8-463A-8EAF-549D13AD735E}.Release|Any CPU.ActiveCfg = Release|Any CPU
		{A5703830-39C8-463A-8EAF-549D13AD735E}.Release|Any CPU.Build.0 = Release|Any CPU
	EndGlobalSection
	GlobalSection(SolutionProperties) = preSolution
		HideSolutionNode = FALSE
	EndGlobalSection
	GlobalSection(ExtensibilityGlobals) = postSolution
		SolutionGuid = {55BFDA41-F2AA-4BF1-BE29-8F3B5A6AE132}
	EndGlobalSection
EndGlobal
